// !$*UTF8*$!
{
	archiveVersion = 1;
	classes = {
	};
	objectVersion = 77;
	objects = {

/* Begin PBXBuildFile section */
		ED17A10000000000000000A1 /* SimhVAX.xcframework in Frameworks */ = {isa = PBXBuildFile; fileRef = ED17A10000000000000000A3 /* SimhVAX.xcframework */; };
		ED17A10000000000000000A2 /* SwiftTerm in Frameworks */ = {isa = PBXBuildFile; productRef = ED17A10000000000000000B6 /* SwiftTerm */; };
/* End PBXBuildFile section */

/* Begin PBXFileReference section */
		ED17A10000000000000000A3 /* SimhVAX.xcframework */ = {isa = PBXFileReference; lastKnownFileType = wrapper.xcframework; name = SimhVAX.xcframework; path = ../libsimh/dist/SimhVAX.xcframework; sourceTree = "<group>"; };
		ED17A10000000000000000A4 /* Edition.app */ = {isa = PBXFileReference; explicitFileType = wrapper.application; includeInIndex = 0; path = Edition.app; sourceTree = BUILT_PRODUCTS_DIR; };
/* End PBXFileReference section */

/* Begin PBXFileSystemSynchronizedRootGroup section */
		ED17A10000000000000000A5 /* Edition */ = {isa = PBXFileSystemSynchronizedRootGroup; explicitFileTypes = {}; explicitFolders = (); path = Edition; sourceTree = "<group>"; };
/* End PBXFileSystemSynchronizedRootGroup section */

/* Begin PBXFrameworksBuildPhase section */
		ED17A10000000000000000A6 /* Frameworks */ = {
			isa = PBXFrameworksBuildPhase;
			buildActionMask = 2147483647;
			files = (
				ED17A10000000000000000A1 /* SimhVAX.xcframework in Frameworks */,
				ED17A10000000000000000A2 /* SwiftTerm in Frameworks */,
			);
			runOnlyForDeploymentPostprocessing = 0;
		};
/* End PBXFrameworksBuildPhase section */

/* Begin PBXGroup section */
		ED17A10000000000000000A7 = {
			isa = PBXGroup;
			children = (
				ED17A10000000000000000A5 /* Edition */,
				ED17A10000000000000000A9 /* Frameworks */,
				ED17A10000000000000000A8 /* Products */,
			);
			sourceTree = "<group>";
		};
		ED17A10000000000000000A8 /* Products */ = {
			isa = PBXGroup;
			children = (
				ED17A10000000000000000A4 /* Edition.app */,
			);
			name = Products;
			sourceTree = "<group>";
		};
		ED17A10000000000000000A9 /* Frameworks */ = {
			isa = PBXGroup;
			children = (
				ED17A10000000000000000A3 /* SimhVAX.xcframework */,
			);
			name = Frameworks;
			sourceTree = "<group>";
		};
/* End PBXGroup section */

/* Begin PBXNativeTarget section */
		ED17A10000000000000000AA /* Edition */ = {
			isa = PBXNativeTarget;
			buildConfigurationList = ED17A10000000000000000B4 /* Build configuration list for PBXNativeTarget "Edition" */;
			buildPhases = (
				ED17A10000000000000000AB /* Sources */,
				ED17A10000000000000000A6 /* Frameworks */,
				ED17A10000000000000000AC /* Resources */,
				ED17A10000000000000000AD /* Embed V8 media */,
			);
			buildRules = (
			);
			dependencies = (
			);
			fileSystemSynchronizedGroups = (
				ED17A10000000000000000A5 /* Edition */,
			);
			name = Edition;
			packageProductDependencies = (
				ED17A10000000000000000B6 /* SwiftTerm */,
			);
			productName = Edition;
			productReference = ED17A10000000000000000A4 /* Edition.app */;
			productType = "com.apple.product-type.application";
		};
/* End PBXNativeTarget section */

/* Begin PBXProject section */
		ED17A10000000000000000AE /* Project object */ = {
			isa = PBXProject;
			attributes = {
				BuildIndependentTargetsInParallel = 1;
				LastSwiftUpdateCheck = 2600;
				LastUpgradeCheck = 2600;
				TargetAttributes = {
					ED17A10000000000000000AA = {
						CreatedOnToolsVersion = 26.0;
					};
				};
			};
			buildConfigurationList = ED17A10000000000000000B3 /* Build configuration list for PBXProject "Edition" */;
			developmentRegion = en;
			hasScannedForEncodings = 0;
			knownRegions = (
				en,
				Base,
			);
			mainGroup = ED17A10000000000000000A7;
			packageReferences = (
				ED17A10000000000000000B5 /* XCRemoteSwiftPackageReference "SwiftTerm" */,
			);
			productRefGroup = ED17A10000000000000000A8 /* Products */;
			projectDirPath = "";
			projectRoot = "";
			targets = (
				ED17A10000000000000000AA /* Edition */,
			);
		};
/* End PBXProject section */

/* Begin PBXResourcesBuildPhase section */
		ED17A10000000000000000AC /* Resources */ = {
			isa = PBXResourcesBuildPhase;
			buildActionMask = 2147483647;
			files = (
			);
			runOnlyForDeploymentPostprocessing = 0;
		};
/* End PBXResourcesBuildPhase section */

/* Begin PBXShellScriptBuildPhase section */
		ED17A10000000000000000AD /* Embed V8 media */ = {
			isa = PBXShellScriptBuildPhase;
			alwaysOutOfDate = 1;
			buildActionMask = 2147483647;
			files = (
			);
			inputPaths = (
			);
			name = "Embed V8 media";
			outputPaths = (
			);
			runOnlyForDeploymentPostprocessing = 0;
			shellPath = /bin/sh;
			shellScript = "set -e\nMEDIA=\"$SRCROOT/../work/myv8\"\nDEST=\"$TARGET_BUILD_DIR/$UNLOCALIZED_RESOURCES_FOLDER_PATH\"\nif [ ! -f \"$MEDIA/rp06v8.golden\" ]; then\n  echo \"warning: $MEDIA/rp06v8.golden not found - building without V8 media (build it per docs/spike-a0.md)\"\n  exit 0\nfi\nmkdir -p \"$DEST\"\nrsync -a \"$MEDIA/rp06v8.golden\" \"$DEST/v8.disk\"\nrsync -a \"$MEDIA/bootV8\" \"$DEST/bootV8\"\necho \"embedded v8.disk + bootV8\"\n";
		};
/* End PBXShellScriptBuildPhase section */

/* Begin PBXSourcesBuildPhase section */
		ED17A10000000000000000AB /* Sources */ = {
			isa = PBXSourcesBuildPhase;
			buildActionMask = 2147483647;
			files = (
			);
			runOnlyForDeploymentPostprocessing = 0;
		};
/* End PBXSourcesBuildPhase section */

/* Begin XCBuildConfiguration section */
		ED17A10000000000000000AF /* Debug */ = {
			isa = XCBuildConfiguration;
			buildSettings = {
				ALWAYS_SEARCH_USER_PATHS = NO;
				CLANG_ANALYZER_NONNULL = YES;
				CLANG_ENABLE_MODULES = YES;
				CLANG_ENABLE_OBJC_ARC = YES;
				COPY_PHASE_STRIP = NO;
				DEBUG_INFORMATION_FORMAT = dwarf;
				ENABLE_STRICT_OBJC_MSGSEND = YES;
				ENABLE_TESTABILITY = YES;
				ENABLE_USER_SCRIPT_SANDBOXING = NO;
				GCC_C_LANGUAGE_STANDARD = gnu17;
				GCC_DYNAMIC_NO_PIC = NO;
				GCC_NO_COMMON_BLOCKS = YES;
				GCC_OPTIMIZATION_LEVEL = 0;
				GCC_PREPROCESSOR_DEFINITIONS = (
					"DEBUG=1",
					"$(inherited)",
				);
				IPHONEOS_DEPLOYMENT_TARGET = 17.0;
				LOCALIZATION_PREFERS_STRING_CATALOGS = YES;
				MTL_ENABLE_DEBUG_INFO = INCLUDE_SOURCE;
				MTL_FAST_MATH = YES;
				ONLY_ACTIVE_ARCH = YES;
				SDKROOT = iphoneos;
				SWIFT_ACTIVE_COMPILATION_CONDITIONS = "DEBUG $(inherited)";
				SWIFT_OPTIMIZATION_LEVEL = "-Onone";
			};
			name = Debug;
		};
		ED17A10000000000000000B0 /* Release */ = {
			isa = XCBuildConfiguration;
			buildSettings = {
				ALWAYS_SEARCH_USER_PATHS = NO;
				CLANG_ANALYZER_NONNULL = YES;
				CLANG_ENABLE_MODULES = YES;
				CLANG_ENABLE_OBJC_ARC = YES;
				COPY_PHASE_STRIP = NO;
				DEBUG_INFORMATION_FORMAT = "dwarf-with-dsym";
				ENABLE_NS_ASSERTIONS = NO;
				ENABLE_STRICT_OBJC_MSGSEND = YES;
				ENABLE_USER_SCRIPT_SANDBOXING = NO;
				GCC_C_LANGUAGE_STANDARD = gnu17;
				GCC_NO_COMMON_BLOCKS = YES;
				IPHONEOS_DEPLOYMENT_TARGET = 17.0;
				LOCALIZATION_PREFERS_STRING_CATALOGS = YES;
				MTL_ENABLE_DEBUG_INFO = NO;
				MTL_FAST_MATH = YES;
				SDKROOT = iphoneos;
				SWIFT_COMPILATION_MODE = wholemodule;
				SWIFT_OPTIMIZATION_LEVEL = "-O";
				VALIDATE_PRODUCT = YES;
			};
			name = Release;
		};
		ED17A10000000000000000B1 /* Debug */ = {
			isa = XCBuildConfiguration;
			buildSettings = {
				CODE_SIGN_STYLE = Automatic;
				CURRENT_PROJECT_VERSION = 1;
				DEVELOPMENT_TEAM = RPL5R637DS;
				GENERATE_INFOPLIST_FILE = YES;
				INFOPLIST_KEY_CFBundleDisplayName = Edition;
				INFOPLIST_KEY_UIApplicationSceneManifest_Generation = YES;
				INFOPLIST_KEY_UIApplicationSupportsIndirectInputEvents = YES;
				INFOPLIST_KEY_UILaunchScreen_Generation = YES;
				INFOPLIST_KEY_UISupportedInterfaceOrientations = "UIInterfaceOrientationLandscapeLeft UIInterfaceOrientationLandscapeRight UIInterfaceOrientationPortrait UIInterfaceOrientationPortraitUpsideDown";
				LD_RUNPATH_SEARCH_PATHS = (
					"$(inherited)",
					"@executable_path/Frameworks",
				);
				MARKETING_VERSION = 0.1;
				PRODUCT_BUNDLE_IDENTIFIER = com.hellotham.edition;
				PRODUCT_NAME = "$(TARGET_NAME)";
				SWIFT_EMIT_LOC_STRINGS = YES;
				SWIFT_VERSION = 5.0;
				TARGETED_DEVICE_FAMILY = 2;
			};
			name = Debug;
		};
		ED17A10000000000000000B2 /* Release */ = {
			isa = XCBuildConfiguration;
			buildSettings = {
				CODE_SIGN_STYLE = Automatic;
				CURRENT_PROJECT_VERSION = 1;
				DEVELOPMENT_TEAM = RPL5R637DS;
				GENERATE_INFOPLIST_FILE = YES;
				INFOPLIST_KEY_CFBundleDisplayName = Edition;
				INFOPLIST_KEY_UIApplicationSceneManifest_Generation = YES;
				INFOPLIST_KEY_UIApplicationSupportsIndirectInputEvents = YES;
				INFOPLIST_KEY_UILaunchScreen_Generation = YES;
				INFOPLIST_KEY_UISupportedInterfaceOrientations = "UIInterfaceOrientationLandscapeLeft UIInterfaceOrientationLandscapeRight UIInterfaceOrientationPortrait UIInterfaceOrientationPortraitUpsideDown";
				LD_RUNPATH_SEARCH_PATHS = (
					"$(inherited)",
					"@executable_path/Frameworks",
				);
				MARKETING_VERSION = 0.1;
				PRODUCT_BUNDLE_IDENTIFIER = com.hellotham.edition;
				PRODUCT_NAME = "$(TARGET_NAME)";
				SWIFT_EMIT_LOC_STRINGS = YES;
				SWIFT_VERSION = 5.0;
				TARGETED_DEVICE_FAMILY = 2;
			};
			name = Release;
		};
/* End XCBuildConfiguration section */

/* Begin XCConfigurationList section */
		ED17A10000000000000000B3 /* Build configuration list for PBXProject "Edition" */ = {
			isa = XCConfigurationList;
			buildConfigurations = (
				ED17A10000000000000000AF /* Debug */,
				ED17A10000000000000000B0 /* Release */,
			);
			defaultConfigurationIsVisible = 0;
			defaultConfigurationName = Release;
		};
		ED17A10000000000000000B4 /* Build configuration list for PBXNativeTarget "Edition" */ = {
			isa = XCConfigurationList;
			buildConfigurations = (
				ED17A10000000000000000B1 /* Debug */,
				ED17A10000000000000000B2 /* Release */,
			);
			defaultConfigurationIsVisible = 0;
			defaultConfigurationName = Release;
		};
/* End XCConfigurationList section */

/* Begin XCRemoteSwiftPackageReference section */
		ED17A10000000000000000B5 /* XCRemoteSwiftPackageReference "SwiftTerm" */ = {
			isa = XCRemoteSwiftPackageReference;
			repositoryURL = "https://github.com/migueldeicaza/SwiftTerm";
			requirement = {
				kind = upToNextMajorVersion;
				minimumVersion = 1.2.0;
			};
		};
/* End XCRemoteSwiftPackageReference section */

/* Begin XCSwiftPackageProductDependency section */
		ED17A10000000000000000B6 /* SwiftTerm */ = {
			isa = XCSwiftPackageProductDependency;
			package = ED17A10000000000000000B5 /* XCRemoteSwiftPackageReference "SwiftTerm" */;
			productName = SwiftTerm;
		};
/* End XCSwiftPackageProductDependency section */
	};
	rootObject = ED17A10000000000000000AE /* Project object */;
}
